
Microsoft Visual Studio Solution File, Format Version 12.00
# Visual Studio Version 17
VisualStudioVersion = 17.4.33205.214
MinimumVisualStudioVersion = 10.0.40219.1
Project("{FAE04EC0-301F-11D3-BF4B-00C04F79EFBC}") = "LabaX2", "LabaX2.csproj", "{011F1775-D2E6-4714-A604-8A9D74F6CA77}"
EndProject
Global
	GlobalSection(SolutionConfigurationPlatforms) = preSolution
		Debug|Any CPU = Debug|Any CPU
		Release|Any CPU = Release|Any CPU
	EndGlobalSection
	GlobalSection(ProjectConfigurationPlatforms) = postSolution
		{011F1775-D2E6-4714-A604-8A9D74F6CA77}.Debug|Any CPU.ActiveCfg = Debug|Any CPU
		{011F1775-D2E6-4714-A604-8A9D74F6CA77}.Debug|Any CPU.Build.0 = Debug|Any CPU
		{011F1775-D2E6-4714-A604-8A9D74F6CA77}.Release|Any CPU.ActiveCfg = Release|Any CPU
		{011F1775-D2E6-4714-A604-8A9D74F6CA77}.Release|Any CPU.Build.0 = Release|Any CPU
	EndGlobalSection
	GlobalSection(SolutionProperties) = preSolution
		HideSolutionNode = FALSE
	EndGlobalSection
	GlobalSection(ExtensibilityGlobals) = postSolution
		SolutionGuid = {77E5A1AB-07CA-4674-9CC3-52255D4B337D}
	EndGlobalSection
EndGlobal
